// !$*UTF8*$!
{
	archiveVersion = 1;
	classes = {
	};
	objectVersion = 55;
	objects = {

/* Begin PBXBuildFile section */
		2ACECA4B27F9E89D008F202A /* AppDelegate.swift in Sources */ = {isa = PBXBuildFile; fileRef = 2ACECA4A27F9E89D008F202A /* AppDelegate.swift */; };
		2ACECA4D27F9E89D008F202A /* SceneDelegate.swift in Sources */ = {isa = PBXBuildFile; fileRef = 2ACECA4C27F9E89D008F202A /* SceneDelegate.swift */; };
		2ACECA4F27F9E89D008F202A /* ViewController.swift in Sources */ = {isa = PBXBuildFile; fileRef = 2ACECA4E27F9E89D008F202A /* ViewController.swift */; };
		2ACECA5227F9E89D008F202A /* Main.storyboard in Resources */ = {isa = PBXBuildFile; fileRef = 2ACECA5027F9E89D008F202A /* Main.storyboard */; };
		2ACECA5427F9E89F008F202A /* Assets.xcassets in Resources */ = {isa = PBXBuildFile; fileRef = 2ACECA5327F9E89F008F202A /* Assets.xcassets */; };
		2ACECA5727F9E89F008F202A /* LaunchScreen.storyboard in Resources */ = {isa = PBXBuildFile; fileRef = 2ACECA5527F9E89F008F202A /* LaunchScreen.storyboard */; };
		2ACECA5F27FB49BC008F202A /* ItemSearchResultSet.swift in Sources */ = {isa = PBXBuildFile; fileRef = 2ACECA5E27FB49BC008F202A /* ItemSearchResultSet.swift */; };
		2ACECA6128031E41008F202A /* ItemTableViewCell.swift in Sources */ = {isa = PBXBuildFile; fileRef = 2ACECA6028031E41008F202A /* ItemTableViewCell.swift */; };
		2ACECA63280BB0DF008F202A /* SearchItemTableViewController.swift in Sources */ = {isa = PBXBuildFile; fileRef = 2ACECA62280BB0DF008F202A /* SearchItemTableViewController.swift */; };
		2ACECA65280BB7A6008F202A /* Secret.swift in Sources */ = {isa = PBXBuildFile; fileRef = 2ACECA64280BB7A6008F202A /* Secret.swift */; };
		2ACECA67280C23FA008F202A /* WebViewController.swift in Sources */ = {isa = PBXBuildFile; fileRef = 2ACECA66280C23FA008F202A /* WebViewController.swift */; };
/* End PBXBuildFile section */

/* Begin PBXFileReference section */
		2ACECA4727F9E89D008F202A /* MySearchApp.app */ = {isa = PBXFileReference; explicitFileType = wrapper.application; includeInIndex = 0; path = MySearchApp.app; sourceTree = BUILT_PRODUCTS_DIR; };
		2ACECA4A27F9E89D008F202A /* AppDelegate.swift */ = {isa = PBXFileReference; lastKnownFileType = sourcecode.swift; path = AppDelegate.swift; sourceTree = "<group>"; };
		2ACECA4C27F9E89D008F202A /* SceneDelegate.swift */ = {isa = PBXFileReference; lastKnownFileType = sourcecode.swift; path = SceneDelegate.swift; sourceTree = "<group>"; };
		2ACECA4E27F9E89D008F202A /* ViewController.swift */ = {isa = PBXFileReference; lastKnownFileType = sourcecode.swift; path = ViewController.swift; sourceTree = "<group>"; };
		2ACECA5127F9E89D008F202A /* Base */ = {isa = PBXFileReference; lastKnownFileType = file.storyboard; name = Base; path = Base.lproj/Main.storyboard; sourceTree = "<group>"; };
		2ACECA5327F9E89F008F202A /* Assets.xcassets */ = {isa = PBXFileReference; lastKnownFileType = folder.assetcatalog; path = Assets.xcassets; sourceTree = "<group>"; };
		2ACECA5627F9E89F008F202A /* Base */ = {isa = PBXFileReference; lastKnownFileType = file.storyboard; name = Base; path = Base.lproj/LaunchScreen.storyboard; sourceTree = "<group>"; };
		2ACECA5827F9E89F008F202A /* Info.plist */ = {isa = PBXFileReference; lastKnownFileType = text.plist.xml; path = Info.plist; sourceTree = "<group>"; };
		2ACECA5E27FB49BC008F202A /* ItemSearchResultSet.swift */ = {isa = PBXFileReference; lastKnownFileType = sourcecode.swift; path = ItemSearchResultSet.swift; sourceTree = "<group>"; };
		2ACECA6028031E41008F202A /* ItemTableViewCell.swift */ = {isa = PBXFileReference; lastKnownFileType = sourcecode.swift; path = ItemTableViewCell.swift; sourceTree = "<group>"; };
		2ACECA62280BB0DF008F202A /* SearchItemTableViewController.swift */ = {isa = PBXFileReference; lastKnownFileType = sourcecode.swift; path = SearchItemTableViewController.swift; sourceTree = "<group>"; };
		2ACECA64280BB7A6008F202A /* Secret.swift */ = {isa = PBXFileReference; lastKnownFileType = sourcecode.swift; path = Secret.swift; sourceTree = "<group>"; };
		2ACECA66280C23FA008F202A /* WebViewController.swift */ = {isa = PBXFileReference; lastKnownFileType = sourcecode.swift; path = WebViewController.swift; sourceTree = "<group>"; };
/* End PBXFileReference section */

/* Begin PBXFrameworksBuildPhase section */
		2ACECA4427F9E89D008F202A /* Frameworks */ = {
			isa = PBXFrameworksBuildPhase;
			buildActionMask = 2147483647;
			files = (
			);
			runOnlyForDeploymentPostprocessing = 0;
		};
/* End PBXFrameworksBuildPhase section */

/* Begin PBXGroup section */
		2ACECA3E27F9E89D008F202A = {
			isa = PBXGroup;
			children = (
				2ACECA4927F9E89D008F202A /* MySearchApp */,
				2ACECA4827F9E89D008F202A /* Products */,
			);
			sourceTree = "<group>";
		};
		2ACECA4827F9E89D008F202A /* Products */ = {
			isa = PBXGroup;
			children = (
				2ACECA4727F9E89D008F202A /* MySearchApp.app */,
			);
			name = Products;
			sourceTree = "<group>";
		};
		2ACECA4927F9E89D008F202A /* MySearchApp */ = {
			isa = PBXGroup;
			children = (
				2ACECA4A27F9E89D008F202A /* AppDelegate.swift */,
				2ACECA4C27F9E89D008F202A /* SceneDelegate.swift */,
				2ACECA4E27F9E89D008F202A /* ViewController.swift */,
				2ACECA5027F9E89D008F202A /* Main.storyboard */,
				2ACECA5327F9E89F008F202A /* Assets.xcassets */,
				2ACECA5527F9E89F008F202A /* LaunchScreen.storyboard */,
				2ACECA5827F9E89F008F202A /* Info.plist */,
				2ACECA5E27FB49BC008F202A /* ItemSearchResultSet.swift */,
				2ACECA6028031E41008F202A /* ItemTableViewCell.swift */,
				2ACECA62280BB0DF008F202A /* SearchItemTableViewController.swift */,
				2ACECA66280C23FA008F202A /* WebViewController.swift */,
				2ACECA64280BB7A6008F202A /* Secret.swift */,
			);
			path = MySearchApp;
			sourceTree = "<group>";
		};
/* End PBXGroup section */

/* Begin PBXNativeTarget section */
		2ACECA4627F9E89D008F202A /* MySearchApp */ = {
			isa = PBXNativeTarget;
			buildConfigurationList = 2ACECA5B27F9E89F008F202A /* Build configuration list for PBXNativeTarget "MySearchApp" */;
			buildPhases = (
				2ACECA4327F9E89D008F202A /* Sources */,
				2ACECA4427F9E89D008F202A /* Frameworks */,
				2ACECA4527F9E89D008F202A /* Resources */,
			);
			buildRules = (
			);
			dependencies = (
			);
			name = MySearchApp;
			productName = MySearchApp;
			productReference = 2ACECA4727F9E89D008F202A /* MySearchApp.app */;
			productType = "com.apple.product-type.application";
		};
/* End PBXNativeTarget section */

/* Begin PBXProject section */
		2ACECA3F27F9E89D008F202A /* Project object */ = {
			isa = PBXProject;
			attributes = {
				BuildIndependentTargetsInParallel = 1;
				LastSwiftUpdateCheck = 1330;
				LastUpgradeCheck = 1330;
				TargetAttributes = {
					2ACECA4627F9E89D008F202A = {
						CreatedOnToolsVersion = 13.3;
					};
				};
			};
			buildConfigurationList = 2ACECA4227F9E89D008F202A /* Build configuration list for PBXProject "MySearchApp" */;
			compatibilityVersion = "Xcode 13.0";
			developmentRegion = en;
			hasScannedForEncodings = 0;
			knownRegions = (
				en,
				Base,
			);
			mainGroup = 2ACECA3E27F9E89D008F202A;
			productRefGroup = 2ACECA4827F9E89D008F202A /* Products */;
			projectDirPath = "";
			projectRoot = "";
			targets = (
				2ACECA4627F9E89D008F202A /* MySearchApp */,
			);
		};
/* End PBXProject section */

/* Begin PBXResourcesBuildPhase section */
		2ACECA4527F9E89D008F202A /* Resources */ = {
			isa = PBXResourcesBuildPhase;
			buildActionMask = 2147483647;
			files = (
				2ACECA5727F9E89F008F202A /* LaunchScreen.storyboard in Resources */,
				2ACECA5427F9E89F008F202A /* Assets.xcassets in Resources */,
				2ACECA5227F9E89D008F202A /* Main.storyboard in Resources */,
			);
			runOnlyForDeploymentPostprocessing = 0;
		};
/* End PBXResourcesBuildPhase section */

/* Begin PBXSourcesBuildPhase section */
		2ACECA4327F9E89D008F202A /* Sources */ = {
			isa = PBXSourcesBuildPhase;
			buildActionMask = 2147483647;
			files = (
				2ACECA5F27FB49BC008F202A /* ItemSearchResultSet.swift in Sources */,
				2ACECA65280BB7A6008F202A /* Secret.swift in Sources */,
				2ACECA4F27F9E89D008F202A /* ViewController.swift in Sources */,
				2ACECA6128031E41008F202A /* ItemTableViewCell.swift in Sources */,
				2ACECA4B27F9E89D008F202A /* AppDelegate.swift in Sources */,
				2ACECA63280BB0DF008F202A /* SearchItemTableViewController.swift in Sources */,
				2ACECA4D27F9E89D008F202A /* SceneDelegate.swift in Sources */,
				2ACECA67280C23FA008F202A /* WebViewController.swift in Sources */,
			);
			runOnlyForDeploymentPostprocessing = 0;
		};
/* End PBXSourcesBuildPhase section */

/* Begin PBXVariantGroup section */
		2ACECA5027F9E89D008F202A /* Main.storyboard */ = {
			isa = PBXVariantGroup;
			children = (
				2ACECA5127F9E89D008F202A /* Base */,
			);
			name = Main.storyboard;
			sourceTree = "<group>";
		};
		2ACECA5527F9E89F008F202A /* LaunchScreen.storyboard */ = {
			isa = PBXVariantGroup;
			children = (
				2ACECA5627F9E89F008F202A /* Base */,
			);
			name = LaunchScreen.storyboard;
			sourceTree = "<group>";
		};
/* End PBXVariantGroup section */

/* Begin XCBuildConfiguration section */
		2ACECA5927F9E89F008F202A /* Debug */ = {
			isa = XCBuildConfiguration;
			buildSettings = {
				ALWAYS_SEARCH_USER_PATHS = NO;
				CLANG_ANALYZER_NONNULL = YES;
				CLANG_ANALYZER_NUMBER_OBJECT_CONVERSION = YES_AGGRESSIVE;
				CLANG_CXX_LANGUAGE_STANDARD = "gnu++17";
				CLANG_ENABLE_MODULES = YES;
				CLANG_ENABLE_OBJC_ARC = YES;
				CLANG_ENABLE_OBJC_WEAK = YES;
				CLANG_WARN_BLOCK_CAPTURE_AUTORELEASING = YES;
				CLANG_WARN_BOOL_CONVERSION = YES;
				CLANG_WARN_COMMA = YES;
				CLANG_WARN_CONSTANT_CONVERSION = YES;
				CLANG_WARN_DEPRECATED_OBJC_IMPLEMENTATIONS = YES;
				CLANG_WARN_DIRECT_OBJC_ISA_USAGE = YES_ERROR;
				CLANG_WARN_DOCUMENTATION_COMMENTS = YES;
				CLANG_WARN_EMPTY_BODY = YES;
				CLANG_WARN_ENUM_CONVERSION = YES;
				CLANG_WARN_INFINITE_RECURSION = YES;
				CLANG_WARN_INT_CONVERSION = YES;
				CLANG_WARN_NON_LITERAL_NULL_CONVERSION = YES;
				CLANG_WARN_OBJC_IMPLICIT_RETAIN_SELF = YES;
				CLANG_WARN_OBJC_LITERAL_CONVERSION = YES;
				CLANG_WARN_OBJC_ROOT_CLASS = YES_ERROR;
				CLANG_WARN_QUOTED_INCLUDE_IN_FRAMEWORK_HEADER = YES;
				CLANG_WARN_RANGE_LOOP_ANALYSIS = YES;
				CLANG_WARN_STRICT_PROTOTYPES = YES;
				CLANG_WARN_SUSPICIOUS_MOVE = YES;
				CLANG_WARN_UNGUARDED_AVAILABILITY = YES_AGGRESSIVE;
				CLANG_WARN_UNREACHABLE_CODE = YES;
				CLANG_WARN__DUPLICATE_METHOD_MATCH = YES;
				COPY_PHASE_STRIP = NO;
				DEBUG_INFORMATION_FORMAT = dwarf;
				ENABLE_STRICT_OBJC_MSGSEND = YES;
				ENABLE_TESTABILITY = YES;
				GCC_C_LANGUAGE_STANDARD = gnu11;
				GCC_DYNAMIC_NO_PIC = NO;
				GCC_NO_COMMON_BLOCKS = YES;
				GCC_OPTIMIZATION_LEVEL = 0;
				GCC_PREPROCESSOR_DEFINITIONS = (
					"DEBUG=1",
					"$(inherited)",
				);
				GCC_WARN_64_TO_32_BIT_CONVERSION = YES;
				GCC_WARN_ABOUT_RETURN_TYPE = YES_ERROR;
				GCC_WARN_UNDECLARED_SELECTOR = YES;
				GCC_WARN_UNINITIALIZED_AUTOS = YES_AGGRESSIVE;
				GCC_WARN_UNUSED_FUNCTION = YES;
				GCC_WARN_UNUSED_VARIABLE = YES;
				IPHONEOS_DEPLOYMENT_TARGET = 15.4;
				MTL_ENABLE_DEBUG_INFO = INCLUDE_SOURCE;
				MTL_FAST_MATH = YES;
				ONLY_ACTIVE_ARCH = YES;
				SDKROOT = iphoneos;
				SWIFT_ACTIVE_COMPILATION_CONDITIONS = DEBUG;
				SWIFT_OPTIMIZATION_LEVEL = "-Onone";
			};
			name = Debug;
		};
		2ACECA5A27F9E89F008F202A /* Release */ = {
			isa = XCBuildConfiguration;
			buildSettings = {
				ALWAYS_SEARCH_USER_PATHS = NO;
				CLANG_ANALYZER_NONNULL = YES;
				CLANG_ANALYZER_NUMBER_OBJECT_CONVERSION = YES_AGGRESSIVE;
				CLANG_CXX_LANGUAGE_STANDARD = "gnu++17";
				CLANG_ENABLE_MODULES = YES;
				CLANG_ENABLE_OBJC_ARC = YES;
				CLANG_ENABLE_OBJC_WEAK = YES;
				CLANG_WARN_BLOCK_CAPTURE_AUTORELEASING = YES;
				CLANG_WARN_BOOL_CONVERSION = YES;
				CLANG_WARN_COMMA = YES;
				CLANG_WARN_CONSTANT_CONVERSION = YES;
				CLANG_WARN_DEPRECATED_OBJC_IMPLEMENTATIONS = YES;
				CLANG_WARN_DIRECT_OBJC_ISA_USAGE = YES_ERROR;
				CLANG_WARN_DOCUMENTATION_COMMENTS = YES;
				CLANG_WARN_EMPTY_BODY = YES;
				CLANG_WARN_ENUM_CONVERSION = YES;
				CLANG_WARN_INFINITE_RECURSION = YES;
				CLANG_WARN_INT_CONVERSION = YES;
				CLANG_WARN_NON_LITERAL_NULL_CONVERSION = YES;
				CLANG_WARN_OBJC_IMPLICIT_RETAIN_SELF = YES;
				CLANG_WARN_OBJC_LITERAL_CONVERSION = YES;
				CLANG_WARN_OBJC_ROOT_CLASS = YES_ERROR;
				CLANG_WARN_QUOTED_INCLUDE_IN_FRAMEWORK_HEADER = YES;
				CLANG_WARN_RANGE_LOOP_ANALYSIS = YES;
				CLANG_WARN_STRICT_PROTOTYPES = YES;
				CLANG_WARN_SUSPICIOUS_MOVE = YES;
				CLANG_WARN_UNGUARDED_AVAILABILITY = YES_AGGRESSIVE;
				CLANG_WARN_UNREACHABLE_CODE = YES;
				CLANG_WARN__DUPLICATE_METHOD_MATCH = YES;
				COPY_PHASE_STRIP = NO;
				DEBUG_INFORMATION_FORMAT = "dwarf-with-dsym";
				ENABLE_NS_ASSERTIONS = NO;
				ENABLE_STRICT_OBJC_MSGSEND = YES;
				GCC_C_LANGUAGE_STANDARD = gnu11;
				GCC_NO_COMMON_BLOCKS = YES;
				GCC_WARN_64_TO_32_BIT_CONVERSION = YES;
				GCC_WARN_ABOUT_RETURN_TYPE = YES_ERROR;
				GCC_WARN_UNDECLARED_SELECTOR = YES;
				GCC_WARN_UNINITIALIZED_AUTOS = YES_AGGRESSIVE;
				GCC_WARN_UNUSED_FUNCTION = YES;
				GCC_WARN_UNUSED_VARIABLE = YES;
				IPHONEOS_DEPLOYMENT_TARGET = 15.4;
				MTL_ENABLE_DEBUG_INFO = NO;
				MTL_FAST_MATH = YES;
				SDKROOT = iphoneos;
				SWIFT_COMPILATION_MODE = wholemodule;
				SWIFT_OPTIMIZATION_LEVEL = "-O";
				VALIDATE_PRODUCT = YES;
			};
			name = Release;
		};
		2ACECA5C27F9E89F008F202A /* Debug */ = {
			isa = XCBuildConfiguration;
			buildSettings = {
				ASSETCATALOG_COMPILER_APPICON_NAME = AppIcon;
				ASSETCATALOG_COMPILER_GLOBAL_ACCENT_COLOR_NAME = AccentColor;
				CODE_SIGN_STYLE = Automatic;
				CURRENT_PROJECT_VERSION = 1;
				DEVELOPMENT_TEAM = 55U9453NAN;
				GENERATE_INFOPLIST_FILE = YES;
				INFOPLIST_FILE = MySearchApp/Info.plist;
				INFOPLIST_KEY_UIApplicationSupportsIndirectInputEvents = YES;
				INFOPLIST_KEY_UILaunchStoryboardName = LaunchScreen;
				INFOPLIST_KEY_UIMainStoryboardFile = Main;
				INFOPLIST_KEY_UISupportedInterfaceOrientations_iPad = "UIInterfaceOrientationPortrait UIInterfaceOrientationPortraitUpsideDown UIInterfaceOrientationLandscapeLeft UIInterfaceOrientationLandscapeRight";
				INFOPLIST_KEY_UISupportedInterfaceOrientations_iPhone = "UIInterfaceOrientationPortrait UIInterfaceOrientationLandscapeLeft UIInterfaceOrientationLandscapeRight";
				LD_RUNPATH_SEARCH_PATHS = (
					"$(inherited)",
					"@executable_path/Frameworks",
				);
				MARKETING_VERSION = 1.0;
				PRODUCT_BUNDLE_IDENTIFIER = jp.co.japan.axas.fujiwara.kazuya.MySearchApp;
				PRODUCT_NAME = "$(TARGET_NAME)";
				SWIFT_EMIT_LOC_STRINGS = YES;
				SWIFT_VERSION = 5.0;
				TARGETED_DEVICE_FAMILY = "1,2";
			};
			name = Debug;
		};
		2ACECA5D27F9E89F008F202A /* Release */ = {
			isa = XCBuildConfiguration;
			buildSettings = {
				ASSETCATALOG_COMPILER_APPICON_NAME = AppIcon;
				ASSETCATALOG_COMPILER_GLOBAL_ACCENT_COLOR_NAME = AccentColor;
				CODE_SIGN_STYLE = Automatic;
				CURRENT_PROJECT_VERSION = 1;
				DEVELOPMENT_TEAM = 55U9453NAN;
				GENERATE_INFOPLIST_FILE = YES;
				INFOPLIST_FILE = MySearchApp/Info.plist;
				INFOPLIST_KEY_UIApplicationSupportsIndirectInputEvents = YES;
				INFOPLIST_KEY_UILaunchStoryboardName = LaunchScreen;
				INFOPLIST_KEY_UIMainStoryboardFile = Main;
				INFOPLIST_KEY_UISupportedInterfaceOrientations_iPad = "UIInterfaceOrientationPortrait UIInterfaceOrientationPortraitUpsideDown UIInterfaceOrientationLandscapeLeft UIInterfaceOrientationLandscapeRight";
				INFOPLIST_KEY_UISupportedInterfaceOrientations_iPhone = "UIInterfaceOrientationPortrait UIInterfaceOrientationLandscapeLeft UIInterfaceOrientationLandscapeRight";
				LD_RUNPATH_SEARCH_PATHS = (
					"$(inherited)",
					"@executable_path/Frameworks",
				);
				MARKETING_VERSION = 1.0;
				PRODUCT_BUNDLE_IDENTIFIER = jp.co.japan.axas.fujiwara.kazuya.MySearchApp;
				PRODUCT_NAME = "$(TARGET_NAME)";
				SWIFT_EMIT_LOC_STRINGS = YES;
				SWIFT_VERSION = 5.0;
				TARGETED_DEVICE_FAMILY = "1,2";
			};
			name = Release;
		};
/* End XCBuildConfiguration section */

/* Begin XCConfigurationList section */
		2ACECA4227F9E89D008F202A /* Build configuration list for PBXProject "MySearchApp" */ = {
			isa = XCConfigurationList;
			buildConfigurations = (
				2ACECA5927F9E89F008F202A /* Debug */,
				2ACECA5A27F9E89F008F202A /* Release */,
			);
			defaultConfigurationIsVisible = 0;
			defaultConfigurationName = Release;
		};
		2ACECA5B27F9E89F008F202A /* Build configuration list for PBXNativeTarget "MySearchApp" */ = {
			isa = XCConfigurationList;
			buildConfigurations = (
				2ACECA5C27F9E89F008F202A /* Debug */,
				2ACECA5D27F9E89F008F202A /* Release */,
			);
			defaultConfigurationIsVisible = 0;
			defaultConfigurationName = Release;
		};
/* End XCConfigurationList section */
	};
	rootObject = 2ACECA3F27F9E89D008F202A /* Project object */;
}
